
Microsoft Visual Studio Solution File, Format Version 12.00
# Visual Studio Version 17
VisualStudioVersion = 17.9.34723.18
MinimumVisualStudioVersion = 10.0.40219.1
Project("{FAE04EC0-301F-11D3-BF4B-00C04F79EFBC}") = "TransportSalon", "TransportSalon\TransportSalon.csproj", "{ABE95F68-D94C-44E4-B6C1-ECEDA8C55A1B}"
EndProject
Project("{FAE04EC0-301F-11D3-BF4B-00C04F79EFBC}") = "TransportLib", "TransportLib\TransportLib.csproj", "{9B90EE06-CC55-4C1F-80B6-B759C71E2D92}"
EndProject
Global
	GlobalSection(SolutionConfigurationPlatforms) = preSolution
		Debug|Any CPU = Debug|Any CPU
		Release|Any CPU = Release|Any CPU
	EndGlobalSection
	GlobalSection(ProjectConfigurationPlatforms) = postSolution
		{ABE95F68-D94C-44E4-B6C1-ECEDA8C55A1B}.Debug|Any CPU.ActiveCfg = Debug|Any CPU
		{ABE95F68-D94C-44E4-B6C1-ECEDA8C55A1B}.Debug|Any CPU.Build.0 = Debug|Any CPU
		{ABE95F68-D94C-44E4-B6C1-ECEDA8C55A1B}.Release|Any CPU.ActiveCfg = Release|Any CPU
		{ABE95F68-D94C-44E4-B6C1-ECEDA8C55A1B}.Release|Any CPU.Build.0 = Release|Any CPU
		{9B90EE06-CC55-4C1F-80B6-B759C71E2D92}.Debug|Any CPU.ActiveCfg = Debug|Any CPU
		{9B90EE06-CC55-4C1F-80B6-B759C71E2D92}.Debug|Any CPU.Build.0 = Debug|Any CPU
		{9B90EE06-CC55-4C1F-80B6-B759C71E2D92}.Release|Any CPU.ActiveCfg = Release|Any CPU
		{9B90EE06-CC55-4C1F-80B6-B759C71E2D92}.Release|Any CPU.Build.0 = Release|Any CPU
	EndGlobalSection
	GlobalSection(SolutionProperties) = preSolution
		HideSolutionNode = FALSE
	EndGlobalSection
	GlobalSection(ExtensibilityGlobals) = postSolution
		SolutionGuid = {1160159F-464C-481A-B4D4-1CDBD3A5E079}
	EndGlobalSection
EndGlobal
