
Microsoft Visual Studio Solution File, Format Version 12.00
# Visual Studio Version 17
VisualStudioVersion = 17.10.35013.160
MinimumVisualStudioVersion = 10.0.40219.1
Project("{FAE04EC0-301F-11D3-BF4B-00C04F79EFBC}") = "EntityAvtoSalon", "EntityAvtoSalon\EntityAvtoSalon.csproj", "{72FBEBE5-6FC3-4716-8F08-37F99DE07350}"
EndProject
Global
	GlobalSection(SolutionConfigurationPlatforms) = preSolution
		Debug|Any CPU = Debug|Any CPU
		Release|Any CPU = Release|Any CPU
	EndGlobalSection
	GlobalSection(ProjectConfigurationPlatforms) = postSolution
		{72FBEBE5-6FC3-4716-8F08-37F99DE07350}.Debug|Any CPU.ActiveCfg = Debug|Any CPU
		{72FBEBE5-6FC3-4716-8F08-37F99DE07350}.Debug|Any CPU.Build.0 = Debug|Any CPU
		{72FBEBE5-6FC3-4716-8F08-37F99DE07350}.Release|Any CPU.ActiveCfg = Release|Any CPU
		{72FBEBE5-6FC3-4716-8F08-37F99DE07350}.Release|Any CPU.Build.0 = Release|Any CPU
	EndGlobalSection
	GlobalSection(SolutionProperties) = preSolution
		HideSolutionNode = FALSE
	EndGlobalSection
	GlobalSection(ExtensibilityGlobals) = postSolution
		SolutionGuid = {BD9F11AF-757F-4901-BB0D-50C2C5BC8B9E}
	EndGlobalSection
EndGlobal
